{
  "name": "glsl-shader-loader",
  "version": "0.1.5",
  "lockfileVersion": 2,
  "requires": true,
  "packages": {
    "": {
      "name": "glsl-shader-loader",
      "version": "0.1.5",
      "license": "MIT",
      "dependencies": {
        "glsl-man": "^1.1.14",
        "loader-utils": "^2.0.3"
      }
    },
    "node_modules/async": {
      "version": "1.5.2",
      "resolved": "https://registry.npmjs.org/async/-/async-1.5.2.tgz",
      "integrity": "sha1-7GphrlZIDAw8skHJVhjiCJL5Zyo="
    },
    "node_modules/big.js": {
      "version": "5.2.2",
      "resolved": "https://registry.npmjs.org/big.js/-/big.js-5.2.2.tgz",
      "integrity": "sha512-vyL2OymJxmarO8gxMr0mhChsO9QGwhynfuu4+MHTAW6czfq9humCB7rKpUjDd9YUiDPU4mzpyupFSvOClAwbmQ==",
      "engines": {
        "node": "*"
      }
    },
    "node_modules/cssauron": {
      "version": "1.4.0",
      "resolved": "https://registry.npmjs.org/cssauron/-/cssauron-1.4.0.tgz",
      "integrity": "sha1-pmAt/34EqDBtwNuaVR6S6LVmKtg=",
      "dependencies": {
        "through": "X.X.X"
      }
    },
    "node_modules/emojis-list": {
      "version": "3.0.0",
      "resolved": "https://registry.npmjs.org/emojis-list/-/emojis-list-3.0.0.tgz",
      "integrity": "sha512-/kyM18EfinwXZbno9FyUGeFh87KC8HRQBQGildHZbEuRyWFOmv1U10o9BBp8XVZDVNNuQKyIGIu5ZYAAXJ0V2Q==",
      "engines": {
        "node": ">= 4"
      }
    },
    "node_modules/glsl-man": {
      "version": "1.1.14",
      "resolved": "https://registry.npmjs.org/glsl-man/-/glsl-man-1.1.14.tgz",
      "integrity": "sha512-yM/+5DCpHGIDO+qtMTDp2PLgl+g+4WbqmJlA4baCRkNwuOZbpNDyBaS1gfGaJIV/BrMKDuFBr6niOeRHV1iAeg==",
      "dependencies": {
        "cssauron": "^1.4.0",
        "tree-traversal": "^1.1.1"
      }
    },
    "node_modules/json5": {
      "version": "2.2.1",
      "resolved": "https://registry.npmjs.org/json5/-/json5-2.2.1.tgz",
      "integrity": "sha512-1hqLFMSrGHRHxav9q9gNjJ5EXznIxGVO09xQRrwplcS8qs28pZ8s8hupZAmqDwZUmVZ2Qb2jnyPOWcDH8m8dlA==",
      "bin": {
        "json5": "lib/cli.js"
      },
      "engines": {
        "node": ">=6"
      }
    },
    "node_modules/loader-utils": {
      "version": "2.0.3",
      "resolved": "https://registry.npmjs.org/loader-utils/-/loader-utils-2.0.3.tgz",
      "integrity": "sha512-THWqIsn8QRnvLl0shHYVBN9syumU8pYWEHPTmkiVGd+7K5eFNVSY6AJhRvgGF70gg1Dz+l/k8WicvFCxdEs60A==",
      "dependencies": {
        "big.js": "^5.2.2",
        "emojis-list": "^3.0.0",
        "json5": "^2.1.2"
      },
      "engines": {
        "node": ">=8.9.0"
      }
    },
    "node_modules/through": {
      "version": "2.3.8",
      "resolved": "https://registry.npmjs.org/through/-/through-2.3.8.tgz",
      "integrity": "sha1-DdTJ/6q8NXlgsbckEV1+Doai4fU="
    },
    "node_modules/tree-traversal": {
      "version": "1.1.1",
      "resolved": "https://registry.npmjs.org/tree-traversal/-/tree-traversal-1.1.1.tgz",
      "integrity": "sha1-cUg7PL4BxcMhT1pYODuqoM8dzL4=",
      "dependencies": {
        "async": "^1.4.2"
      }
    }
  },
  "dependencies": {
    "async": {
      "version": "1.5.2",
      "resolved": "https://registry.npmjs.org/async/-/async-1.5.2.tgz",
      "integrity": "sha1-7GphrlZIDAw8skHJVhjiCJL5Zyo="
    },
    "big.js": {
      "version": "5.2.2",
      "resolved": "https://registry.npmjs.org/big.js/-/big.js-5.2.2.tgz",
      "integrity": "sha512-vyL2OymJxmarO8gxMr0mhChsO9QGwhynfuu4+MHTAW6czfq9humCB7rKpUjDd9YUiDPU4mzpyupFSvOClAwbmQ=="
    },
    "cssauron": {
      "version": "1.4.0",
      "resolved": "https://registry.npmjs.org/cssauron/-/cssauron-1.4.0.tgz",
      "integrity": "sha1-pmAt/34EqDBtwNuaVR6S6LVmKtg=",
      "requires": {
        "through": "X.X.X"
      }
    },
    "emojis-list": {
      "version": "3.0.0",
      "resolved": "https://registry.npmjs.org/emojis-list/-/emojis-list-3.0.0.tgz",
      "integrity": "sha512-/kyM18EfinwXZbno9FyUGeFh87KC8HRQBQGildHZbEuRyWFOmv1U10o9BBp8XVZDVNNuQKyIGIu5ZYAAXJ0V2Q=="
    },
    "glsl-man": {
      "version": "1.1.14",
      "resolved": "https://registry.npmjs.org/glsl-man/-/glsl-man-1.1.14.tgz",
      "integrity": "sha512-yM/+5DCpHGIDO+qtMTDp2PLgl+g+4WbqmJlA4baCRkNwuOZbpNDyBaS1gfGaJIV/BrMKDuFBr6niOeRHV1iAeg==",
      "requires": {
        "cssauron": "^1.4.0",
        "tree-traversal": "^1.1.1"
      }
    },
    "json5": {
      "version": "2.2.1",
      "resolved": "https://registry.npmjs.org/json5/-/json5-2.2.1.tgz",
      "integrity": "sha512-1hqLFMSrGHRHxav9q9gNjJ5EXznIxGVO09xQRrwplcS8qs28pZ8s8hupZAmqDwZUmVZ2Qb2jnyPOWcDH8m8dlA=="
    },
    "loader-utils": {
      "version": "2.0.3",
      "resolved": "https://registry.npmjs.org/loader-utils/-/loader-utils-2.0.3.tgz",
      "integrity": "sha512-THWqIsn8QRnvLl0shHYVBN9syumU8pYWEHPTmkiVGd+7K5eFNVSY6AJhRvgGF70gg1Dz+l/k8WicvFCxdEs60A==",
      "requires": {
        "big.js": "^5.2.2",
        "emojis-list": "^3.0.0",
        "json5": "^2.1.2"
      }
    },
    "through": {
      "version": "2.3.8",
      "resolved": "https://registry.npmjs.org/through/-/through-2.3.8.tgz",
      "integrity": "sha1-DdTJ/6q8NXlgsbckEV1+Doai4fU="
    },
    "tree-traversal": {
      "version": "1.1.1",
      "resolved": "https://registry.npmjs.org/tree-traversal/-/tree-traversal-1.1.1.tgz",
      "integrity": "sha1-cUg7PL4BxcMhT1pYODuqoM8dzL4=",
      "requires": {
        "async": "^1.4.2"
      }
    }
  }
}
