# THIS IS AN AUTOGENERATED FILE. DO NOT EDIT THIS FILE DIRECTLY.
# yarn lockfile v1


"async@^1.4.2":
  "integrity" "sha1-7GphrlZIDAw8skHJVhjiCJL5Zyo="
  "resolved" "https://registry.npmjs.org/async/-/async-1.5.2.tgz"
  "version" "1.5.2"

"big.js@^5.2.2":
  "integrity" "sha512-vyL2OymJxmarO8gxMr0mhChsO9QGwhynfuu4+MHTAW6czfq9humCB7rKpUjDd9YUiDPU4mzpyupFSvOClAwbmQ=="
  "resolved" "https://registry.npmjs.org/big.js/-/big.js-5.2.2.tgz"
  "version" "5.2.2"

"cssauron@^1.4.0":
  "integrity" "sha1-pmAt/34EqDBtwNuaVR6S6LVmKtg="
  "resolved" "https://registry.npmjs.org/cssauron/-/cssauron-1.4.0.tgz"
  "version" "1.4.0"
  dependencies:
    "through" "X.X.X"

"emojis-list@^3.0.0":
  "integrity" "sha512-/kyM18EfinwXZbno9FyUGeFh87KC8HRQBQGildHZbEuRyWFOmv1U10o9BBp8XVZDVNNuQKyIGIu5ZYAAXJ0V2Q=="
  "resolved" "https://registry.npmjs.org/emojis-list/-/emojis-list-3.0.0.tgz"
  "version" "3.0.0"

"glsl-man@^1.1.14":
  "integrity" "sha512-yM/+5DCpHGIDO+qtMTDp2PLgl+g+4WbqmJlA4baCRkNwuOZbpNDyBaS1gfGaJIV/BrMKDuFBr6niOeRHV1iAeg=="
  "resolved" "https://registry.npmjs.org/glsl-man/-/glsl-man-1.1.14.tgz"
  "version" "1.1.14"
  dependencies:
    "cssauron" "^1.4.0"
    "tree-traversal" "^1.1.1"

"json5@^2.1.2":
  "integrity" "sha512-1hqLFMSrGHRHxav9q9gNjJ5EXznIxGVO09xQRrwplcS8qs28pZ8s8hupZAmqDwZUmVZ2Qb2jnyPOWcDH8m8dlA=="
  "resolved" "https://registry.npmjs.org/json5/-/json5-2.2.1.tgz"
  "version" "2.2.1"

"loader-utils@^2.0.3":
  "integrity" "sha512-THWqIsn8QRnvLl0shHYVBN9syumU8pYWEHPTmkiVGd+7K5eFNVSY6AJhRvgGF70gg1Dz+l/k8WicvFCxdEs60A=="
  "resolved" "https://registry.npmjs.org/loader-utils/-/loader-utils-2.0.3.tgz"
  "version" "2.0.3"
  dependencies:
    "big.js" "^5.2.2"
    "emojis-list" "^3.0.0"
    "json5" "^2.1.2"

"through@X.X.X":
  "integrity" "sha1-DdTJ/6q8NXlgsbckEV1+Doai4fU="
  "resolved" "https://registry.npmjs.org/through/-/through-2.3.8.tgz"
  "version" "2.3.8"

"tree-traversal@^1.1.1":
  "integrity" "sha1-cUg7PL4BxcMhT1pYODuqoM8dzL4="
  "resolved" "https://registry.npmjs.org/tree-traversal/-/tree-traversal-1.1.1.tgz"
  "version" "1.1.1"
  dependencies:
    "async" "^1.4.2"
